<?xml version="1.0" encoding="utf-8"?>
<Project ToolsVersion="4.0" xmlns="http://schemas.microsoft.com/developer/msbuild/2003">
  <ItemGroup>
    <Filter Include="Source Files">
      <UniqueIdentifier>{4FC737F1-C7A5-4376-A066-2A32D752A2FF}</UniqueIdentifier>
      <Extensions>cpp;c;cc;cxx;def;odl;idl;hpj;bat;asm;asmx</Extensions>
    </Filter>
    <Filter Include="Header Files">
      <UniqueIdentifier>{93995380-89BD-4b04-88EB-625FBE52EBFB}</UniqueIdentifier>
      <Extensions>h;hh;hpp;hxx;hm;inl;inc;xsd</Extensions>
    </Filter>
    <Filter Include="Resource Files">
      <UniqueIdentifier>{67DA6AB6-F800-4c08-8B7A-83BB121AAD01}</UniqueIdentifier>
      <Extensions>rc;ico;cur;bmp;dlg;rc2;rct;bin;rgs;gif;jpg;jpeg;jpe;resx;tiff;tif;png;wav;mfcribbon-ms</Extensions>
    </Filter>
  </ItemGroup>
  <ItemGroup>
    <ClInclude Include="include\GL\glew.h">
      <Filter>Header Files</Filter>
    </ClInclude>
    <ClInclude Include="include\GL\glut.h">
      <Filter>Header Files</Filter>
    </ClInclude>
    <ClInclude Include="include\ork\core\Atomic.h">
      <Filter>Header Files</Filter>
    </ClInclude>
    <ClInclude Include="include\ork\core\Factory.h">
      <Filter>Header Files</Filter>
    </ClInclude>
    <ClInclude Include="include\ork\core\FileLogger.h">
      <Filter>Header Files</Filter>
    </ClInclude>
    <ClInclude Include="include\ork\core\GPUTimer.h">
      <Filter>Header Files</Filter>
    </ClInclude>
    <ClInclude Include="include\ork\core\Iterator.h">
      <Filter>Header Files</Filter>
    </ClInclude>
    <ClInclude Include="include\ork\core\Logger.h">
      <Filter>Header Files</Filter>
    </ClInclude>
    <ClInclude Include="include\ork\core\Object.h">
      <Filter>Header Files</Filter>
    </ClInclude>
    <ClInclude Include="include\ork\core\Timer.h">
      <Filter>Header Files</Filter>
    </ClInclude>
    <ClInclude Include="include\ork\math\box2.h">
      <Filter>Header Files</Filter>
    </ClInclude>
    <ClInclude Include="include\ork\math\box3.h">
      <Filter>Header Files</Filter>
    </ClInclude>
    <ClInclude Include="include\ork\math\half.h">
      <Filter>Header Files</Filter>
    </ClInclude>
    <ClInclude Include="include\ork\math\mat2.h">
      <Filter>Header Files</Filter>
    </ClInclude>
    <ClInclude Include="include\ork\math\mat3.h">
      <Filter>Header Files</Filter>
    </ClInclude>
    <ClInclude Include="include\ork\math\mat4.h">
      <Filter>Header Files</Filter>
    </ClInclude>
    <ClInclude Include="include\ork\math\quat.h">
      <Filter>Header Files</Filter>
    </ClInclude>
    <ClInclude Include="include\ork\math\vec2.h">
      <Filter>Header Files</Filter>
    </ClInclude>
    <ClInclude Include="include\ork\math\vec3.h">
      <Filter>Header Files</Filter>
    </ClInclude>
    <ClInclude Include="include\ork\math\vec4.h">
      <Filter>Header Files</Filter>
    </ClInclude>
    <ClInclude Include="include\ork\render\AttributeBuffer.h">
      <Filter>Header Files</Filter>
    </ClInclude>
    <ClInclude Include="include\ork\render\Buffer.h">
      <Filter>Header Files</Filter>
    </ClInclude>
    <ClInclude Include="include\ork\render\CPUBuffer.h">
      <Filter>Header Files</Filter>
    </ClInclude>
    <ClInclude Include="include\ork\render\FrameBuffer.h">
      <Filter>Header Files</Filter>
    </ClInclude>
    <ClInclude Include="include\ork\render\GPUBuffer.h">
      <Filter>Header Files</Filter>
    </ClInclude>
    <ClInclude Include="include\ork\render\Mesh.h">
      <Filter>Header Files</Filter>
    </ClInclude>
    <ClInclude Include="include\ork\render\MeshBuffers.h">
      <Filter>Header Files</Filter>
    </ClInclude>
    <ClInclude Include="include\ork\render\Module.h">
      <Filter>Header Files</Filter>
    </ClInclude>
    <ClInclude Include="include\ork\render\Program.h">
      <Filter>Header Files</Filter>
    </ClInclude>
    <ClInclude Include="include\ork\render\Query.h">
      <Filter>Header Files</Filter>
    </ClInclude>
    <ClInclude Include="include\ork\render\RenderBuffer.h">
      <Filter>Header Files</Filter>
    </ClInclude>
    <ClInclude Include="include\ork\render\Sampler.h">
      <Filter>Header Files</Filter>
    </ClInclude>
    <ClInclude Include="include\ork\render\Texture.h">
      <Filter>Header Files</Filter>
    </ClInclude>
    <ClInclude Include="include\ork\render\Texture1D.h">
      <Filter>Header Files</Filter>
    </ClInclude>
    <ClInclude Include="include\ork\render\Texture1DArray.h">
      <Filter>Header Files</Filter>
    </ClInclude>
    <ClInclude Include="include\ork\render\Texture2D.h">
      <Filter>Header Files</Filter>
    </ClInclude>
    <ClInclude Include="include\ork\render\Texture2DArray.h">
      <Filter>Header Files</Filter>
    </ClInclude>
    <ClInclude Include="include\ork\render\Texture2DMultisample.h">
      <Filter>Header Files</Filter>
    </ClInclude>
    <ClInclude Include="include\ork\render\Texture2DMultisampleArray.h">
      <Filter>Header Files</Filter>
    </ClInclude>
    <ClInclude Include="include\ork\render\Texture3D.h">
      <Filter>Header Files</Filter>
    </ClInclude>
    <ClInclude Include="include\ork\render\TextureBuffer.h">
      <Filter>Header Files</Filter>
    </ClInclude>
    <ClInclude Include="include\ork\render\TextureCube.h">
      <Filter>Header Files</Filter>
    </ClInclude>
    <ClInclude Include="include\ork\render\TextureCubeArray.h">
      <Filter>Header Files</Filter>
    </ClInclude>
    <ClInclude Include="include\ork\render\TextureRectangle.h">
      <Filter>Header Files</Filter>
    </ClInclude>
    <ClInclude Include="include\ork\render\TransformFeedback.h">
      <Filter>Header Files</Filter>
    </ClInclude>
    <ClInclude Include="include\ork\render\Types.h">
      <Filter>Header Files</Filter>
    </ClInclude>
    <ClInclude Include="include\ork\render\Uniform.h">
      <Filter>Header Files</Filter>
    </ClInclude>
    <ClInclude Include="include\ork\render\Value.h">
      <Filter>Header Files</Filter>
    </ClInclude>
    <ClInclude Include="include\ork\resource\CompiledResourceLoader.h">
      <Filter>Header Files</Filter>
    </ClInclude>
    <ClInclude Include="include\ork\resource\Resource.h">
      <Filter>Header Files</Filter>
    </ClInclude>
    <ClInclude Include="include\ork\resource\ResourceCompiler.h">
      <Filter>Header Files</Filter>
    </ClInclude>
    <ClInclude Include="include\ork\resource\ResourceDescriptor.h">
      <Filter>Header Files</Filter>
    </ClInclude>
    <ClInclude Include="include\ork\resource\ResourceFactory.h">
      <Filter>Header Files</Filter>
    </ClInclude>
    <ClInclude Include="include\ork\resource\ResourceLoader.h">
      <Filter>Header Files</Filter>
    </ClInclude>
    <ClInclude Include="include\ork\resource\ResourceManager.h">
      <Filter>Header Files</Filter>
    </ClInclude>
    <ClInclude Include="include\ork\resource\ResourceTemplate.h">
      <Filter>Header Files</Filter>
    </ClInclude>
    <ClInclude Include="include\ork\resource\XMLResourceLoader.h">
      <Filter>Header Files</Filter>
    </ClInclude>
    <ClInclude Include="include\ork\scenegraph\AbstractTask.h">
      <Filter>Header Files</Filter>
    </ClInclude>
    <ClInclude Include="include\ork\scenegraph\CallMethodTask.h">
      <Filter>Header Files</Filter>
    </ClInclude>
    <ClInclude Include="include\ork\scenegraph\DrawMeshTask.h">
      <Filter>Header Files</Filter>
    </ClInclude>
    <ClInclude Include="include\ork\scenegraph\LoopTask.h">
      <Filter>Header Files</Filter>
    </ClInclude>
    <ClInclude Include="include\ork\scenegraph\Method.h">
      <Filter>Header Files</Filter>
    </ClInclude>
    <ClInclude Include="include\ork\scenegraph\SceneManager.h">
      <Filter>Header Files</Filter>
    </ClInclude>
    <ClInclude Include="include\ork\scenegraph\SceneNode.h">
      <Filter>Header Files</Filter>
    </ClInclude>
    <ClInclude Include="include\ork\scenegraph\SequenceTask.h">
      <Filter>Header Files</Filter>
    </ClInclude>
    <ClInclude Include="include\ork\scenegraph\SetProgramTask.h">
      <Filter>Header Files</Filter>
    </ClInclude>
    <ClInclude Include="include\ork\scenegraph\SetStateTask.h">
      <Filter>Header Files</Filter>
    </ClInclude>
    <ClInclude Include="include\ork\scenegraph\SetTargetTask.h">
      <Filter>Header Files</Filter>
    </ClInclude>
    <ClInclude Include="include\ork\scenegraph\SetTransformsTask.h">
      <Filter>Header Files</Filter>
    </ClInclude>
    <ClInclude Include="include\ork\scenegraph\ShowInfoTask.h">
      <Filter>Header Files</Filter>
    </ClInclude>
    <ClInclude Include="include\ork\scenegraph\ShowLogTask.h">
      <Filter>Header Files</Filter>
    </ClInclude>
    <ClInclude Include="include\ork\taskgraph\MultithreadScheduler.h">
      <Filter>Header Files</Filter>
    </ClInclude>
    <ClInclude Include="include\ork\taskgraph\Scheduler.h">
      <Filter>Header Files</Filter>
    </ClInclude>
    <ClInclude Include="include\ork\taskgraph\Task.h">
      <Filter>Header Files</Filter>
    </ClInclude>
    <ClInclude Include="include\ork\taskgraph\TaskFactory.h">
      <Filter>Header Files</Filter>
    </ClInclude>
    <ClInclude Include="include\ork\taskgraph\TaskGraph.h">
      <Filter>Header Files</Filter>
    </ClInclude>
    <ClInclude Include="include\ork\ui\EventHandler.h">
      <Filter>Header Files</Filter>
    </ClInclude>
    <ClInclude Include="include\ork\ui\GlutWindow.h">
      <Filter>Header Files</Filter>
    </ClInclude>
    <ClInclude Include="include\ork\ui\Window.h">
      <Filter>Header Files</Filter>
    </ClInclude>
    <ClInclude Include="include\ork\util\Font.h">
      <Filter>Header Files</Filter>
    </ClInclude>
    <ClInclude Include="include\proland\dem\CPUElevationProducer.h">
      <Filter>Header Files</Filter>
    </ClInclude>
    <ClInclude Include="include\proland\dem\ElevationCurveData.h">
      <Filter>Header Files</Filter>
    </ClInclude>
    <ClInclude Include="include\proland\dem\ElevationGraphLayer.h">
      <Filter>Header Files</Filter>
    </ClInclude>
    <ClInclude Include="include\proland\dem\ElevationMargin.h">
      <Filter>Header Files</Filter>
    </ClInclude>
    <ClInclude Include="include\proland\dem\ElevationProducer.h">
      <Filter>Header Files</Filter>
    </ClInclude>
    <ClInclude Include="include\proland\dem\NormalProducer.h">
      <Filter>Header Files</Filter>
    </ClInclude>
    <ClInclude Include="include\proland\dem\ResidualProducer.h">
      <Filter>Header Files</Filter>
    </ClInclude>
    <ClInclude Include="include\proland\dem\RoadElevationLayer.h">
      <Filter>Header Files</Filter>
    </ClInclude>
    <ClInclude Include="include\proland\dem\WaterElevationLayer.h">
      <Filter>Header Files</Filter>
    </ClInclude>
    <ClInclude Include="include\proland\edit\EditElevationProducer.h">
      <Filter>Header Files</Filter>
    </ClInclude>
    <ClInclude Include="include\proland\edit\EditGraphOrthoLayer.h">
      <Filter>Header Files</Filter>
    </ClInclude>
    <ClInclude Include="include\proland\edit\EditHydroGraphOrthoLayer.h">
      <Filter>Header Files</Filter>
    </ClInclude>
    <ClInclude Include="include\proland\edit\EditorHandler.h">
      <Filter>Header Files</Filter>
    </ClInclude>
    <ClInclude Include="include\proland\edit\EditOrthoCPUProducer.h">
      <Filter>Header Files</Filter>
    </ClInclude>
    <ClInclude Include="include\proland\edit\EditOrthoProducer.h">
      <Filter>Header Files</Filter>
    </ClInclude>
    <ClInclude Include="include\proland\edit\EditResidualProducer.h">
      <Filter>Header Files</Filter>
    </ClInclude>
    <ClInclude Include="include\proland\graph\producer\CurveData.h">
      <Filter>Header Files</Filter>
    </ClInclude>
    <ClInclude Include="include\proland\graph\producer\CurveDataFactory.h">
      <Filter>Header Files</Filter>
    </ClInclude>
    <ClInclude Include="include\proland\graph\producer\GetCurveDatasTask.h">
      <Filter>Header Files</Filter>
    </ClInclude>
    <ClInclude Include="include\proland\graph\producer\GraphLayer.h">
      <Filter>Header Files</Filter>
    </ClInclude>
    <ClInclude Include="include\proland\graph\producer\GraphProducer.h">
      <Filter>Header Files</Filter>
    </ClInclude>
    <ClInclude Include="include\proland\graph\producer\Tesselator.h">
      <Filter>Header Files</Filter>
    </ClInclude>
    <ClInclude Include="include\proland\graph\Area.h">
      <Filter>Header Files</Filter>
    </ClInclude>
    <ClInclude Include="include\proland\graph\BasicCurvePart.h">
      <Filter>Header Files</Filter>
    </ClInclude>
    <ClInclude Include="include\proland\graph\BasicGraph.h">
      <Filter>Header Files</Filter>
    </ClInclude>
    <ClInclude Include="include\proland\graph\ComposedMargin.h">
      <Filter>Header Files</Filter>
    </ClInclude>
    <ClInclude Include="include\proland\graph\Curve.h">
      <Filter>Header Files</Filter>
    </ClInclude>
    <ClInclude Include="include\proland\graph\CurvePart.h">
      <Filter>Header Files</Filter>
    </ClInclude>
    <ClInclude Include="include\proland\graph\FileReader.h">
      <Filter>Header Files</Filter>
    </ClInclude>
    <ClInclude Include="include\proland\graph\FileWriter.h">
      <Filter>Header Files</Filter>
    </ClInclude>
    <ClInclude Include="include\proland\graph\Graph.h">
      <Filter>Header Files</Filter>
    </ClInclude>
    <ClInclude Include="include\proland\graph\GraphListener.h">
      <Filter>Header Files</Filter>
    </ClInclude>
    <ClInclude Include="include\proland\graph\LazyArea.h">
      <Filter>Header Files</Filter>
    </ClInclude>
    <ClInclude Include="include\proland\graph\LazyCurve.h">
      <Filter>Header Files</Filter>
    </ClInclude>
    <ClInclude Include="include\proland\graph\LazyGraph.h">
      <Filter>Header Files</Filter>
    </ClInclude>
    <ClInclude Include="include\proland\graph\LazyNode.h">
      <Filter>Header Files</Filter>
    </ClInclude>
    <ClInclude Include="include\proland\graph\LineCurvePart.h">
      <Filter>Header Files</Filter>
    </ClInclude>
    <ClInclude Include="include\proland\graph\Margin.h">
      <Filter>Header Files</Filter>
    </ClInclude>
    <ClInclude Include="include\proland\graph\Node.h">
      <Filter>Header Files</Filter>
    </ClInclude>
    <ClInclude Include="include\proland\math\color.h">
      <Filter>Header Files</Filter>
    </ClInclude>
    <ClInclude Include="include\proland\math\geometry.h">
      <Filter>Header Files</Filter>
    </ClInclude>
    <ClInclude Include="include\proland\math\noise.h">
      <Filter>Header Files</Filter>
    </ClInclude>
    <ClInclude Include="include\proland\math\seg2.h">
      <Filter>Header Files</Filter>
    </ClInclude>
    <ClInclude Include="include\proland\ocean\DrawOceanFFTTask.h">
      <Filter>Header Files</Filter>
    </ClInclude>
    <ClInclude Include="include\proland\ocean\DrawOceanTask.h">
      <Filter>Header Files</Filter>
    </ClInclude>
    <ClInclude Include="include\proland\ortho\EmptyOrthoLayer.h">
      <Filter>Header Files</Filter>
    </ClInclude>
    <ClInclude Include="include\proland\ortho\FieldsOrthoLayer.h">
      <Filter>Header Files</Filter>
    </ClInclude>
    <ClInclude Include="include\proland\ortho\ForestOrthoLayer.h">
      <Filter>Header Files</Filter>
    </ClInclude>
    <ClInclude Include="include\proland\ortho\LineOrthoLayer.h">
      <Filter>Header Files</Filter>
    </ClInclude>
    <ClInclude Include="include\proland\ortho\MaskOrthoLayer.h">
      <Filter>Header Files</Filter>
    </ClInclude>
    <ClInclude Include="include\proland\ortho\OrthoCPUProducer.h">
      <Filter>Header Files</Filter>
    </ClInclude>
    <ClInclude Include="include\proland\ortho\OrthoGPUProducer.h">
      <Filter>Header Files</Filter>
    </ClInclude>
    <ClInclude Include="include\proland\ortho\OrthoMargin.h">
      <Filter>Header Files</Filter>
    </ClInclude>
    <ClInclude Include="include\proland\ortho\OrthoProducer.h">
      <Filter>Header Files</Filter>
    </ClInclude>
    <ClInclude Include="include\proland\ortho\RoadOrthoLayer.h">
      <Filter>Header Files</Filter>
    </ClInclude>
    <ClInclude Include="include\proland\ortho\TextureLayer.h">
      <Filter>Header Files</Filter>
    </ClInclude>
    <ClInclude Include="include\proland\ortho\WaterOrthoLayer.h">
      <Filter>Header Files</Filter>
    </ClInclude>
    <ClInclude Include="include\proland\particles\screen\ParticleGrid.h">
      <Filter>Header Files</Filter>
    </ClInclude>
    <ClInclude Include="include\proland\particles\screen\ScreenParticleLayer.h">
      <Filter>Header Files</Filter>
    </ClInclude>
    <ClInclude Include="include\proland\particles\terrain\FlowTile.h">
      <Filter>Header Files</Filter>
    </ClInclude>
    <ClInclude Include="include\proland\particles\terrain\TerrainParticleLayer.h">
      <Filter>Header Files</Filter>
    </ClInclude>
    <ClInclude Include="include\proland\particles\LifeCycleParticleLayer.h">
      <Filter>Header Files</Filter>
    </ClInclude>
    <ClInclude Include="include\proland\particles\ParticleLayer.h">
      <Filter>Header Files</Filter>
    </ClInclude>
    <ClInclude Include="include\proland\particles\ParticleProducer.h">
      <Filter>Header Files</Filter>
    </ClInclude>
    <ClInclude Include="include\proland\particles\ParticleStorage.h">
      <Filter>Header Files</Filter>
    </ClInclude>
    <ClInclude Include="include\proland\particles\RandomParticleLayer.h">
      <Filter>Header Files</Filter>
    </ClInclude>
    <ClInclude Include="include\proland\particles\WorldParticleLayer.h">
      <Filter>Header Files</Filter>
    </ClInclude>
    <ClInclude Include="include\proland\plants\DrawPlantsShadowTask.h">
      <Filter>Header Files</Filter>
    </ClInclude>
    <ClInclude Include="include\proland\plants\DrawPlantsTask.h">
      <Filter>Header Files</Filter>
    </ClInclude>
    <ClInclude Include="include\proland\plants\LccProducer.h">
      <Filter>Header Files</Filter>
    </ClInclude>
    <ClInclude Include="include\proland\plants\Plants.h">
      <Filter>Header Files</Filter>
    </ClInclude>
    <ClInclude Include="include\proland\plants\PlantsProducer.h">
      <Filter>Header Files</Filter>
    </ClInclude>
    <ClInclude Include="include\proland\preprocess\atmo\PreprocessAtmo.h">
      <Filter>Header Files</Filter>
    </ClInclude>
    <ClInclude Include="include\proland\preprocess\terrain\AbstractTileCache.h">
      <Filter>Header Files</Filter>
    </ClInclude>
    <ClInclude Include="include\proland\preprocess\terrain\ApertureMipmap.h">
      <Filter>Header Files</Filter>
    </ClInclude>
    <ClInclude Include="include\proland\preprocess\terrain\ColorMipmap.h">
      <Filter>Header Files</Filter>
    </ClInclude>
    <ClInclude Include="include\proland\preprocess\terrain\HeightMipmap.h">
      <Filter>Header Files</Filter>
    </ClInclude>
    <ClInclude Include="include\proland\preprocess\terrain\Preprocess.h">
      <Filter>Header Files</Filter>
    </ClInclude>
    <ClInclude Include="include\proland\preprocess\terrain\Util.h">
      <Filter>Header Files</Filter>
    </ClInclude>
    <ClInclude Include="include\proland\preprocess\trees\PreprocessTree.h">
      <Filter>Header Files</Filter>
    </ClInclude>
    <ClInclude Include="include\proland\producer\CPUTileStorage.h">
      <Filter>Header Files</Filter>
    </ClInclude>
    <ClInclude Include="include\proland\producer\GPUTileStorage.h">
      <Filter>Header Files</Filter>
    </ClInclude>
    <ClInclude Include="include\proland\producer\ObjectTileStorage.h">
      <Filter>Header Files</Filter>
    </ClInclude>
    <ClInclude Include="include\proland\producer\TileCache.h">
      <Filter>Header Files</Filter>
    </ClInclude>
    <ClInclude Include="include\proland\producer\TileLayer.h">
      <Filter>Header Files</Filter>
    </ClInclude>
    <ClInclude Include="include\proland\producer\TileProducer.h">
      <Filter>Header Files</Filter>
    </ClInclude>
    <ClInclude Include="include\proland\producer\TileStorage.h">
      <Filter>Header Files</Filter>
    </ClInclude>
    <ClInclude Include="include\proland\rivers\graph\HydroCurve.h">
      <Filter>Header Files</Filter>
    </ClInclude>
    <ClInclude Include="include\proland\rivers\graph\HydroGraph.h">
      <Filter>Header Files</Filter>
    </ClInclude>
    <ClInclude Include="include\proland\rivers\graph\HydroGraphFactory.h">
      <Filter>Header Files</Filter>
    </ClInclude>
    <ClInclude Include="include\proland\rivers\graph\LazyHydroCurve.h">
      <Filter>Header Files</Filter>
    </ClInclude>
    <ClInclude Include="include\proland\rivers\graph\LazyHydroGraph.h">
      <Filter>Header Files</Filter>
    </ClInclude>
    <ClInclude Include="include\proland\rivers\graph\LazyHydroGraphFactory.h">
      <Filter>Header Files</Filter>
    </ClInclude>
    <ClInclude Include="include\proland\rivers\AnimatedPerlinWaveTile.h">
      <Filter>Header Files</Filter>
    </ClInclude>
    <ClInclude Include="include\proland\rivers\DrawRiversTask.h">
      <Filter>Header Files</Filter>
    </ClInclude>
    <ClInclude Include="include\proland\rivers\HydroFlowProducer.h">
      <Filter>Header Files</Filter>
    </ClInclude>
    <ClInclude Include="include\proland\rivers\HydroFlowTile.h">
      <Filter>Header Files</Filter>
    </ClInclude>
    <ClInclude Include="include\proland\rivers\PerlinWaveTile.h">
      <Filter>Header Files</Filter>
    </ClInclude>
    <ClInclude Include="include\proland\rivers\UpdateRiversTask.h">
      <Filter>Header Files</Filter>
    </ClInclude>
    <ClInclude Include="include\proland\rivers\WaveTile.h">
      <Filter>Header Files</Filter>
    </ClInclude>
    <ClInclude Include="include\proland\terrain\CylindricalDeformation.h">
      <Filter>Header Files</Filter>
    </ClInclude>
    <ClInclude Include="include\proland\terrain\Deformation.h">
      <Filter>Header Files</Filter>
    </ClInclude>
    <ClInclude Include="include\proland\terrain\DrawTerrainTask.h">
      <Filter>Header Files</Filter>
    </ClInclude>
    <ClInclude Include="include\proland\terrain\ReadbackManager.h">
      <Filter>Header Files</Filter>
    </ClInclude>
    <ClInclude Include="include\proland\terrain\SphericalDeformation.h">
      <Filter>Header Files</Filter>
    </ClInclude>
    <ClInclude Include="include\proland\terrain\TerrainNode.h">
      <Filter>Header Files</Filter>
    </ClInclude>
    <ClInclude Include="include\proland\terrain\TerrainQuad.h">
      <Filter>Header Files</Filter>
    </ClInclude>
    <ClInclude Include="include\proland\terrain\TileSampler.h">
      <Filter>Header Files</Filter>
    </ClInclude>
    <ClInclude Include="include\proland\terrain\TileSamplerZ.h">
      <Filter>Header Files</Filter>
    </ClInclude>
    <ClInclude Include="include\proland\terrain\UpdateTerrainTask.h">
      <Filter>Header Files</Filter>
    </ClInclude>
    <ClInclude Include="include\proland\terrain\UpdateTileSamplersTask.h">
      <Filter>Header Files</Filter>
    </ClInclude>
    <ClInclude Include="include\proland\ui\twbar\DrawTweakBarTask.h">
      <Filter>Header Files</Filter>
    </ClInclude>
    <ClInclude Include="include\proland\ui\twbar\TweakBarHandler.h">
      <Filter>Header Files</Filter>
    </ClInclude>
    <ClInclude Include="include\proland\ui\twbar\TweakBarManager.h">
      <Filter>Header Files</Filter>
    </ClInclude>
    <ClInclude Include="include\proland\ui\twbar\TweakDemEditor.h">
      <Filter>Header Files</Filter>
    </ClInclude>
    <ClInclude Include="include\proland\ui\twbar\TweakGraphLayer.h">
      <Filter>Header Files</Filter>
    </ClInclude>
    <ClInclude Include="include\proland\ui\twbar\TweakHydroGraphLayer.h">
      <Filter>Header Files</Filter>
    </ClInclude>
    <ClInclude Include="include\proland\ui\twbar\TweakOrthoEditor.h">
      <Filter>Header Files</Filter>
    </ClInclude>
    <ClInclude Include="include\proland\ui\twbar\TweakResource.h">
      <Filter>Header Files</Filter>
    </ClInclude>
    <ClInclude Include="include\proland\ui\twbar\TweakRivers.h">
      <Filter>Header Files</Filter>
    </ClInclude>
    <ClInclude Include="include\proland\ui\twbar\TweakSceneGraph.h">
      <Filter>Header Files</Filter>
    </ClInclude>
    <ClInclude Include="include\proland\ui\twbar\TweakViewHandler.h">
      <Filter>Header Files</Filter>
    </ClInclude>
    <ClInclude Include="include\proland\ui\BasicViewHandler.h">
      <Filter>Header Files</Filter>
    </ClInclude>
    <ClInclude Include="include\proland\ui\EventRecorder.h">
      <Filter>Header Files</Filter>
    </ClInclude>
    <ClInclude Include="include\proland\ui\MousePositionHandler.h">
      <Filter>Header Files</Filter>
    </ClInclude>
    <ClInclude Include="include\proland\ui\SceneVisitor.h">
      <Filter>Header Files</Filter>
    </ClInclude>
    <ClInclude Include="include\proland\util\CylinderViewController.h">
      <Filter>Header Files</Filter>
    </ClInclude>
    <ClInclude Include="include\proland\util\mfs.h">
      <Filter>Header Files</Filter>
    </ClInclude>
    <ClInclude Include="include\proland\util\PlanetViewController.h">
      <Filter>Header Files</Filter>
    </ClInclude>
    <ClInclude Include="include\proland\util\TerrainViewController.h">
      <Filter>Header Files</Filter>
    </ClInclude>
    <ClInclude Include="include\proland\EditPlugin.h">
      <Filter>Header Files</Filter>
    </ClInclude>
    <ClInclude Include="include\proland\ForestPlugin.h">
      <Filter>Header Files</Filter>
    </ClInclude>
    <ClInclude Include="include\proland\GraphPlugin.h">
      <Filter>Header Files</Filter>
    </ClInclude>
    <ClInclude Include="include\proland\OceanPlugin.h">
      <Filter>Header Files</Filter>
    </ClInclude>
    <ClInclude Include="include\proland\RiverPlugin.h">
      <Filter>Header Files</Filter>
    </ClInclude>
    <ClInclude Include="include\proland\TerrainPlugin.h">
      <Filter>Header Files</Filter>
    </ClInclude>
    <ClInclude Include="include\stbi\stb_image.h">
      <Filter>Header Files</Filter>
    </ClInclude>
    <ClInclude Include="include\tinyxml\tinyxml.h">
      <Filter>Header Files</Filter>
    </ClInclude>
    <ClInclude Include="include\AntTweakBar.h">
      <Filter>Header Files</Filter>
    </ClInclude>
    <ClInclude Include="include\pmath.h">
      <Filter>Header Files</Filter>
    </ClInclude>
    <ClInclude Include="include\pthread.h">
      <Filter>Header Files</Filter>
    </ClInclude>
    <ClInclude Include="include\sched.h">
      <Filter>Header Files</Filter>
    </ClInclude>
    <ClInclude Include="include\tiff.h">
      <Filter>Header Files</Filter>
    </ClInclude>
    <ClInclude Include="include\tiffconf.h">
      <Filter>Header Files</Filter>
    </ClInclude>
    <ClInclude Include="include\tiffio.h">
      <Filter>Header Files</Filter>
    </ClInclude>
    <ClInclude Include="include\tiffvers.h">
      <Filter>Header Files</Filter>
    </ClInclude>
    <ClInclude Include="include\queries\dem\elevation_cursor.h">
      <Filter>Header Files</Filter>
    </ClInclude>
    <ClInclude Include="include\queries\dem\lat_lon_converter.h">
      <Filter>Header Files</Filter>
    </ClInclude>
    <ClInclude Include="include\queries\dem\location.h">
      <Filter>Header Files</Filter>
    </ClInclude>
    <ClInclude Include="include\queries\math\lat_lon.h">
      <Filter>Header Files</Filter>
    </ClInclude>
    <ClInclude Include="include\queries\taskgraph\cursor_task.h">
      <Filter>Header Files</Filter>
    </ClInclude>
    <ClInclude Include="include\queries\taskgraph\get_height_task.h">
      <Filter>Header Files</Filter>
    </ClInclude>
    <ClInclude Include="include\queries\taskgraph\set_level_task.h">
      <Filter>Header Files</Filter>
    </ClInclude>
    <ClInclude Include="include\queries\taskgraph\set_location_task.h">
      <Filter>Header Files</Filter>
    </ClInclude>
  </ItemGroup>
</Project>